// !$*UTF8*$!
{
	archiveVersion = 1;
	classes = {
	};
	objectVersion = 46;
	objects = {

/* Begin PBXBuildFile section */
		123D4C661F5D3BD000A2E0BF /* AppDelegate.swift in Sources */ = {isa = PBXBuildFile; fileRef = 123D4C651F5D3BD000A2E0BF /* AppDelegate.swift */; };
		123D4C681F5D3BD000A2E0BF /* ViewController.swift in Sources */ = {isa = PBXBuildFile; fileRef = 123D4C671F5D3BD000A2E0BF /* ViewController.swift */; };
		123D4C6B1F5D3BD000A2E0BF /* Main.storyboard in Resources */ = {isa = PBXBuildFile; fileRef = 123D4C691F5D3BD000A2E0BF /* Main.storyboard */; };
		123D4C6D1F5D3BD000A2E0BF /* Assets.xcassets in Resources */ = {isa = PBXBuildFile; fileRef = 123D4C6C1F5D3BD000A2E0BF /* Assets.xcassets */; };
		123D4C701F5D3BD000A2E0BF /* LaunchScreen.storyboard in Resources */ = {isa = PBXBuildFile; fileRef = 123D4C6E1F5D3BD000A2E0BF /* LaunchScreen.storyboard */; };
		123D4C7B1F5D3BD000A2E0BF /* first_appTests.swift in Sources */ = {isa = PBXBuildFile; fileRef = 123D4C7A1F5D3BD000A2E0BF /* first_appTests.swift */; };
		123D4C861F5D3BD000A2E0BF /* first_appUITests.swift in Sources */ = {isa = PBXBuildFile; fileRef = 123D4C851F5D3BD000A2E0BF /* first_appUITests.swift */; };
/* End PBXBuildFile section */

/* Begin PBXContainerItemProxy section */
		123D4C771F5D3BD000A2E0BF /* PBXContainerItemProxy */ = {
			isa = PBXContainerItemProxy;
			containerPortal = 123D4C5A1F5D3BD000A2E0BF /* Project object */;
			proxyType = 1;
			remoteGlobalIDString = 123D4C611F5D3BD000A2E0BF;
			remoteInfo = "first app";
		};
		123D4C821F5D3BD000A2E0BF /* PBXContainerItemProxy */ = {
			isa = PBXContainerItemProxy;
			containerPortal = 123D4C5A1F5D3BD000A2E0BF /* Project object */;
			proxyType = 1;
			remoteGlobalIDString = 123D4C611F5D3BD000A2E0BF;
			remoteInfo = "first app";
		};
/* End PBXContainerItemProxy section */

/* Begin PBXFileReference section */
		123D4C621F5D3BD000A2E0BF /* first app.app */ = {isa = PBXFileReference; explicitFileType = wrapper.application; includeInIndex = 0; path = "first app.app"; sourceTree = BUILT_PRODUCTS_DIR; };
		123D4C651F5D3BD000A2E0BF /* AppDelegate.swift */ = {isa = PBXFileReference; lastKnownFileType = sourcecode.swift; path = AppDelegate.swift; sourceTree = "<group>"; };
		123D4C671F5D3BD000A2E0BF /* ViewController.swift */ = {isa = PBXFileReference; lastKnownFileType = sourcecode.swift; path = ViewController.swift; sourceTree = "<group>"; };
		123D4C6A1F5D3BD000A2E0BF /* Base */ = {isa = PBXFileReference; lastKnownFileType = file.storyboard; name = Base; path = Base.lproj/Main.storyboard; sourceTree = "<group>"; };
		123D4C6C1F5D3BD000A2E0BF /* Assets.xcassets */ = {isa = PBXFileReference; lastKnownFileType = folder.assetcatalog; path = Assets.xcassets; sourceTree = "<group>"; };
		123D4C6F1F5D3BD000A2E0BF /* Base */ = {isa = PBXFileReference; lastKnownFileType = file.storyboard; name = Base; path = Base.lproj/LaunchScreen.storyboard; sourceTree = "<group>"; };
		123D4C711F5D3BD000A2E0BF /* Info.plist */ = {isa = PBXFileReference; lastKnownFileType = text.plist.xml; path = Info.plist; sourceTree = "<group>"; };
		123D4C761F5D3BD000A2E0BF /* first appTests.xctest */ = {isa = PBXFileReference; explicitFileType = wrapper.cfbundle; includeInIndex = 0; path = "first appTests.xctest"; sourceTree = BUILT_PRODUCTS_DIR; };
		123D4C7A1F5D3BD000A2E0BF /* first_appTests.swift */ = {isa = PBXFileReference; lastKnownFileType = sourcecode.swift; path = first_appTests.swift; sourceTree = "<group>"; };
		123D4C7C1F5D3BD000A2E0BF /* Info.plist */ = {isa = PBXFileReference; lastKnownFileType = text.plist.xml; path = Info.plist; sourceTree = "<group>"; };
		123D4C811F5D3BD000A2E0BF /* first appUITests.xctest */ = {isa = PBXFileReference; explicitFileType = wrapper.cfbundle; includeInIndex = 0; path = "first appUITests.xctest"; sourceTree = BUILT_PRODUCTS_DIR; };
		123D4C851F5D3BD000A2E0BF /* first_appUITests.swift */ = {isa = PBXFileReference; lastKnownFileType = sourcecode.swift; path = first_appUITests.swift; sourceTree = "<group>"; };
		123D4C871F5D3BD000A2E0BF /* Info.plist */ = {isa = PBXFileReference; lastKnownFileType = text.plist.xml; path = Info.plist; sourceTree = "<group>"; };
/* End PBXFileReference section */

/* Begin PBXFrameworksBuildPhase section */
		123D4C5F1F5D3BD000A2E0BF /* Frameworks */ = {
			isa = PBXFrameworksBuildPhase;
			buildActionMask = 2147483647;
			files = (
			);
			runOnlyForDeploymentPostprocessing = 0;
		};
		123D4C731F5D3BD000A2E0BF /* Frameworks */ = {
			isa = PBXFrameworksBuildPhase;
			buildActionMask = 2147483647;
			files = (
			);
			runOnlyForDeploymentPostprocessing = 0;
		};
		123D4C7E1F5D3BD000A2E0BF /* Frameworks */ = {
			isa = PBXFrameworksBuildPhase;
			buildActionMask = 2147483647;
			files = (
			);
			runOnlyForDeploymentPostprocessing = 0;
		};
/* End PBXFrameworksBuildPhase section */

/* Begin PBXGroup section */
		123D4C591F5D3BD000A2E0BF = {
			isa = PBXGroup;
			children = (
				123D4C641F5D3BD000A2E0BF /* first app */,
				123D4C791F5D3BD000A2E0BF /* first appTests */,
				123D4C841F5D3BD000A2E0BF /* first appUITests */,
				123D4C631F5D3BD000A2E0BF /* Products */,
			);
			sourceTree = "<group>";
		};
		123D4C631F5D3BD000A2E0BF /* Products */ = {
			isa = PBXGroup;
			children = (
				123D4C621F5D3BD000A2E0BF /* first app.app */,
				123D4C761F5D3BD000A2E0BF /* first appTests.xctest */,
				123D4C811F5D3BD000A2E0BF /* first appUITests.xctest */,
			);
			name = Products;
			sourceTree = "<group>";
		};
		123D4C641F5D3BD000A2E0BF /* first app */ = {
			isa = PBXGroup;
			children = (
				123D4C651F5D3BD000A2E0BF /* AppDelegate.swift */,
				123D4C671F5D3BD000A2E0BF /* ViewController.swift */,
				123D4C691F5D3BD000A2E0BF /* Main.storyboard */,
				123D4C6C1F5D3BD000A2E0BF /* Assets.xcassets */,
				123D4C6E1F5D3BD000A2E0BF /* LaunchScreen.storyboard */,
				123D4C711F5D3BD000A2E0BF /* Info.plist */,
			);
			path = "first app";
			sourceTree = "<group>";
		};
		123D4C791F5D3BD000A2E0BF /* first appTests */ = {
			isa = PBXGroup;
			children = (
				123D4C7A1F5D3BD000A2E0BF /* first_appTests.swift */,
				123D4C7C1F5D3BD000A2E0BF /* Info.plist */,
			);
			path = "first appTests";
			sourceTree = "<group>";
		};
		123D4C841F5D3BD000A2E0BF /* first appUITests */ = {
			isa = PBXGroup;
			children = (
				123D4C851F5D3BD000A2E0BF /* first_appUITests.swift */,
				123D4C871F5D3BD000A2E0BF /* Info.plist */,
			);
			path = "first appUITests";
			sourceTree = "<group>";
		};
/* End PBXGroup section */

/* Begin PBXNativeTarget section */
		123D4C611F5D3BD000A2E0BF /* first app */ = {
			isa = PBXNativeTarget;
			buildConfigurationList = 123D4C8A1F5D3BD000A2E0BF /* Build configuration list for PBXNativeTarget "first app" */;
			buildPhases = (
				123D4C5E1F5D3BD000A2E0BF /* Sources */,
				123D4C5F1F5D3BD000A2E0BF /* Frameworks */,
				123D4C601F5D3BD000A2E0BF /* Resources */,
			);
			buildRules = (
			);
			dependencies = (
			);
			name = "first app";
			productName = "first app";
			productReference = 123D4C621F5D3BD000A2E0BF /* first app.app */;
			productType = "com.apple.product-type.application";
		};
		123D4C751F5D3BD000A2E0BF /* first appTests */ = {
			isa = PBXNativeTarget;
			buildConfigurationList = 123D4C8D1F5D3BD000A2E0BF /* Build configuration list for PBXNativeTarget "first appTests" */;
			buildPhases = (
				123D4C721F5D3BD000A2E0BF /* Sources */,
				123D4C731F5D3BD000A2E0BF /* Frameworks */,
				123D4C741F5D3BD000A2E0BF /* Resources */,
			);
			buildRules = (
			);
			dependencies = (
				123D4C781F5D3BD000A2E0BF /* PBXTargetDependency */,
			);
			name = "first appTests";
			productName = "first appTests";
			productReference = 123D4C761F5D3BD000A2E0BF /* first appTests.xctest */;
			productType = "com.apple.product-type.bundle.unit-test";
		};
		123D4C801F5D3BD000A2E0BF /* first appUITests */ = {
			isa = PBXNativeTarget;
			buildConfigurationList = 123D4C901F5D3BD000A2E0BF /* Build configuration list for PBXNativeTarget "first appUITests" */;
			buildPhases = (
				123D4C7D1F5D3BD000A2E0BF /* Sources */,
				123D4C7E1F5D3BD000A2E0BF /* Frameworks */,
				123D4C7F1F5D3BD000A2E0BF /* Resources */,
			);
			buildRules = (
			);
			dependencies = (
				123D4C831F5D3BD000A2E0BF /* PBXTargetDependency */,
			);
			name = "first appUITests";
			productName = "first appUITests";
			productReference = 123D4C811F5D3BD000A2E0BF /* first appUITests.xctest */;
			productType = "com.apple.product-type.bundle.ui-testing";
		};
/* End PBXNativeTarget section */

/* Begin PBXProject section */
		123D4C5A1F5D3BD000A2E0BF /* Project object */ = {
			isa = PBXProject;
			attributes = {
				LastSwiftUpdateCheck = 0830;
				LastUpgradeCheck = 0830;
				TargetAttributes = {
					123D4C611F5D3BD000A2E0BF = {
						CreatedOnToolsVersion = 8.3.3;
						DevelopmentTeam = 3VQPNA4MTA;
						ProvisioningStyle = Automatic;
					};
					123D4C751F5D3BD000A2E0BF = {
						CreatedOnToolsVersion = 8.3.3;
						DevelopmentTeam = 3VQPNA4MTA;
						ProvisioningStyle = Automatic;
						TestTargetID = 123D4C611F5D3BD000A2E0BF;
					};
					123D4C801F5D3BD000A2E0BF = {
						CreatedOnToolsVersion = 8.3.3;
						DevelopmentTeam = 3VQPNA4MTA;
						ProvisioningStyle = Automatic;
						TestTargetID = 123D4C611F5D3BD000A2E0BF;
					};
				};
			};
			buildConfigurationList = 123D4C5D1F5D3BD000A2E0BF /* Build configuration list for PBXProject "first app" */;
			compatibilityVersion = "Xcode 3.2";
			developmentRegion = English;
			hasScannedForEncodings = 0;
			knownRegions = (
				en,
				Base,
			);
			mainGroup = 123D4C591F5D3BD000A2E0BF;
			productRefGroup = 123D4C631F5D3BD000A2E0BF /* Products */;
			projectDirPath = "";
			projectRoot = "";
			targets = (
				123D4C611F5D3BD000A2E0BF /* first app */,
				123D4C751F5D3BD000A2E0BF /* first appTests */,
				123D4C801F5D3BD000A2E0BF /* first appUITests */,
			);
		};
/* End PBXProject section */

/* Begin PBXResourcesBuildPhase section */
		123D4C601F5D3BD000A2E0BF /* Resources */ = {
			isa = PBXResourcesBuildPhase;
			buildActionMask = 2147483647;
			files = (
				123D4C701F5D3BD000A2E0BF /* LaunchScreen.storyboard in Resources */,
				123D4C6D1F5D3BD000A2E0BF /* Assets.xcassets in Resources */,
				123D4C6B1F5D3BD000A2E0BF /* Main.storyboard in Resources */,
			);
			runOnlyForDeploymentPostprocessing = 0;
		};
		123D4C741F5D3BD000A2E0BF /* Resources */ = {
			isa = PBXResourcesBuildPhase;
			buildActionMask = 2147483647;
			files = (
			);
			runOnlyForDeploymentPostprocessing = 0;
		};
		123D4C7F1F5D3BD000A2E0BF /* Resources */ = {
			isa = PBXResourcesBuildPhase;
			buildActionMask = 2147483647;
			files = (
			);
			runOnlyForDeploymentPostprocessing = 0;
		};
/* End PBXResourcesBuildPhase section */

/* Begin PBXSourcesBuildPhase section */
		123D4C5E1F5D3BD000A2E0BF /* Sources */ = {
			isa = PBXSourcesBuildPhase;
			buildActionMask = 2147483647;
			files = (
				123D4C681F5D3BD000A2E0BF /* ViewController.swift in Sources */,
				123D4C661F5D3BD000A2E0BF /* AppDelegate.swift in Sources */,
			);
			runOnlyForDeploymentPostprocessing = 0;
		};
		123D4C721F5D3BD000A2E0BF /* Sources */ = {
			isa = PBXSourcesBuildPhase;
			buildActionMask = 2147483647;
			files = (
				123D4C7B1F5D3BD000A2E0BF /* first_appTests.swift in Sources */,
			);
			runOnlyForDeploymentPostprocessing = 0;
		};
		123D4C7D1F5D3BD000A2E0BF /* Sources */ = {
			isa = PBXSourcesBuildPhase;
			buildActionMask = 2147483647;
			files = (
				123D4C861F5D3BD000A2E0BF /* first_appUITests.swift in Sources */,
			);
			runOnlyForDeploymentPostprocessing = 0;
		};
/* End PBXSourcesBuildPhase section */

/* Begin PBXTargetDependency section */
		123D4C781F5D3BD000A2E0BF /* PBXTargetDependency */ = {
			isa = PBXTargetDependency;
			target = 123D4C611F5D3BD000A2E0BF /* first app */;
			targetProxy = 123D4C771F5D3BD000A2E0BF /* PBXContainerItemProxy */;
		};
		123D4C831F5D3BD000A2E0BF /* PBXTargetDependency */ = {
			isa = PBXTargetDependency;
			target = 123D4C611F5D3BD000A2E0BF /* first app */;
			targetProxy = 123D4C821F5D3BD000A2E0BF /* PBXContainerItemProxy */;
		};
/* End PBXTargetDependency section */

/* Begin PBXVariantGroup section */
		123D4C691F5D3BD000A2E0BF /* Main.storyboard */ = {
			isa = PBXVariantGroup;
			children = (
				123D4C6A1F5D3BD000A2E0BF /* Base */,
			);
			name = Main.storyboard;
			sourceTree = "<group>";
		};
		123D4C6E1F5D3BD000A2E0BF /* LaunchScreen.storyboard */ = {
			isa = PBXVariantGroup;
			children = (
				123D4C6F1F5D3BD000A2E0BF /* Base */,
			);
			name = LaunchScreen.storyboard;
			sourceTree = "<group>";
		};
/* End PBXVariantGroup section */

/* Begin XCBuildConfiguration section */
		123D4C881F5D3BD000A2E0BF /* Debug */ = {
			isa = XCBuildConfiguration;
			buildSettings = {
				ALWAYS_SEARCH_USER_PATHS = NO;
				CLANG_ANALYZER_NONNULL = YES;
				CLANG_ANALYZER_NUMBER_OBJECT_CONVERSION = YES_AGGRESSIVE;
				CLANG_CXX_LANGUAGE_STANDARD = "gnu++0x";
				CLANG_CXX_LIBRARY = "libc++";
				CLANG_ENABLE_MODULES = YES;
				CLANG_ENABLE_OBJC_ARC = YES;
				CLANG_WARN_BOOL_CONVERSION = YES;
				CLANG_WARN_CONSTANT_CONVERSION = YES;
				CLANG_WARN_DIRECT_OBJC_ISA_USAGE = YES_ERROR;
				CLANG_WARN_DOCUMENTATION_COMMENTS = YES;
				CLANG_WARN_EMPTY_BODY = YES;
				CLANG_WARN_ENUM_CONVERSION = YES;
				CLANG_WARN_INFINITE_RECURSION = YES;
				CLANG_WARN_INT_CONVERSION = YES;
				CLANG_WARN_OBJC_ROOT_CLASS = YES_ERROR;
				CLANG_WARN_SUSPICIOUS_MOVE = YES;
				CLANG_WARN_UNREACHABLE_CODE = YES;
				CLANG_WARN__DUPLICATE_METHOD_MATCH = YES;
				"CODE_SIGN_IDENTITY[sdk=iphoneos*]" = "iPhone Developer";
				COPY_PHASE_STRIP = NO;
				DEBUG_INFORMATION_FORMAT = dwarf;
				ENABLE_STRICT_OBJC_MSGSEND = YES;
				ENABLE_TESTABILITY = YES;
				GCC_C_LANGUAGE_STANDARD = gnu99;
				GCC_DYNAMIC_NO_PIC = NO;
				GCC_NO_COMMON_BLOCKS = YES;
				GCC_OPTIMIZATION_LEVEL = 0;
				GCC_PREPROCESSOR_DEFINITIONS = (
					"DEBUG=1",
					"$(inherited)",
				);
				GCC_WARN_64_TO_32_BIT_CONVERSION = YES;
				GCC_WARN_ABOUT_RETURN_TYPE = YES_ERROR;
				GCC_WARN_UNDECLARED_SELECTOR = YES;
				GCC_WARN_UNINITIALIZED_AUTOS = YES_AGGRESSIVE;
				GCC_WARN_UNUSED_FUNCTION = YES;
				GCC_WARN_UNUSED_VARIABLE = YES;
				IPHONEOS_DEPLOYMENT_TARGET = 10.3;
				MTL_ENABLE_DEBUG_INFO = YES;
				ONLY_ACTIVE_ARCH = YES;
				SDKROOT = iphoneos;
				SWIFT_ACTIVE_COMPILATION_CONDITIONS = DEBUG;
				SWIFT_OPTIMIZATION_LEVEL = "-Onone";
				TARGETED_DEVICE_FAMILY = "1,2";
			};
			name = Debug;
		};
		123D4C891F5D3BD000A2E0BF /* Release */ = {
			isa = XCBuildConfiguration;
			buildSettings = {
				ALWAYS_SEARCH_USER_PATHS = NO;
				CLANG_ANALYZER_NONNULL = YES;
				CLANG_ANALYZER_NUMBER_OBJECT_CONVERSION = YES_AGGRESSIVE;
				CLANG_CXX_LANGUAGE_STANDARD = "gnu++0x";
				CLANG_CXX_LIBRARY = "libc++";
				CLANG_ENABLE_MODULES = YES;
				CLANG_ENABLE_OBJC_ARC = YES;
				CLANG_WARN_BOOL_CONVERSION = YES;
				CLANG_WARN_CONSTANT_CONVERSION = YES;
				CLANG_WARN_DIRECT_OBJC_ISA_USAGE = YES_ERROR;
				CLANG_WARN_DOCUMENTATION_COMMENTS = YES;
				CLANG_WARN_EMPTY_BODY = YES;
				CLANG_WARN_ENUM_CONVERSION = YES;
				CLANG_WARN_INFINITE_RECURSION = YES;
				CLANG_WARN_INT_CONVERSION = YES;
				CLANG_WARN_OBJC_ROOT_CLASS = YES_ERROR;
				CLANG_WARN_SUSPICIOUS_MOVE = YES;
				CLANG_WARN_UNREACHABLE_CODE = YES;
				CLANG_WARN__DUPLICATE_METHOD_MATCH = YES;
				"CODE_SIGN_IDENTITY[sdk=iphoneos*]" = "iPhone Developer";
				COPY_PHASE_STRIP = NO;
				DEBUG_INFORMATION_FORMAT = "dwarf-with-dsym";
				ENABLE_NS_ASSERTIONS = NO;
				ENABLE_STRICT_OBJC_MSGSEND = YES;
				GCC_C_LANGUAGE_STANDARD = gnu99;
				GCC_NO_COMMON_BLOCKS = YES;
				GCC_WARN_64_TO_32_BIT_CONVERSION = YES;
				GCC_WARN_ABOUT_RETURN_TYPE = YES_ERROR;
				GCC_WARN_UNDECLARED_SELECTOR = YES;
				GCC_WARN_UNINITIALIZED_AUTOS = YES_AGGRESSIVE;
				GCC_WARN_UNUSED_FUNCTION = YES;
				GCC_WARN_UNUSED_VARIABLE = YES;
				IPHONEOS_DEPLOYMENT_TARGET = 10.3;
				MTL_ENABLE_DEBUG_INFO = NO;
				SDKROOT = iphoneos;
				SWIFT_OPTIMIZATION_LEVEL = "-Owholemodule";
				TARGETED_DEVICE_FAMILY = "1,2";
				VALIDATE_PRODUCT = YES;
			};
			name = Release;
		};
		123D4C8B1F5D3BD000A2E0BF /* Debug */ = {
			isa = XCBuildConfiguration;
			buildSettings = {
				ASSETCATALOG_COMPILER_APPICON_NAME = AppIcon;
				DEVELOPMENT_TEAM = 3VQPNA4MTA;
				INFOPLIST_FILE = "first app/Info.plist";
				IPHONEOS_DEPLOYMENT_TARGET = 9.1;
				LD_RUNPATH_SEARCH_PATHS = "$(inherited) @executable_path/Frameworks";
				PRODUCT_BUNDLE_IDENTIFIER = "tosuro.first-app";
				PRODUCT_NAME = "$(TARGET_NAME)";
				SWIFT_VERSION = 3.0;
			};
			name = Debug;
		};
		123D4C8C1F5D3BD000A2E0BF /* Release */ = {
			isa = XCBuildConfiguration;
			buildSettings = {
				ASSETCATALOG_COMPILER_APPICON_NAME = AppIcon;
				DEVELOPMENT_TEAM = 3VQPNA4MTA;
				INFOPLIST_FILE = "first app/Info.plist";
				IPHONEOS_DEPLOYMENT_TARGET = 9.1;
				LD_RUNPATH_SEARCH_PATHS = "$(inherited) @executable_path/Frameworks";
				PRODUCT_BUNDLE_IDENTIFIER = "tosuro.first-app";
				PRODUCT_NAME = "$(TARGET_NAME)";
				SWIFT_VERSION = 3.0;
			};
			name = Release;
		};
		123D4C8E1F5D3BD000A2E0BF /* Debug */ = {
			isa = XCBuildConfiguration;
			buildSettings = {
				ALWAYS_EMBED_SWIFT_STANDARD_LIBRARIES = YES;
				BUNDLE_LOADER = "$(TEST_HOST)";
				DEVELOPMENT_TEAM = 3VQPNA4MTA;
				INFOPLIST_FILE = "first appTests/Info.plist";
				LD_RUNPATH_SEARCH_PATHS = "$(inherited) @executable_path/Frameworks @loader_path/Frameworks";
				PRODUCT_BUNDLE_IDENTIFIER = "tosuro.first-appTests";
				PRODUCT_NAME = "$(TARGET_NAME)";
				SWIFT_VERSION = 3.0;
				TEST_HOST = "$(BUILT_PRODUCTS_DIR)/first app.app/first app";
			};
			name = Debug;
		};
		123D4C8F1F5D3BD000A2E0BF /* Release */ = {
			isa = XCBuildConfiguration;
			buildSettings = {
				ALWAYS_EMBED_SWIFT_STANDARD_LIBRARIES = YES;
				BUNDLE_LOADER = "$(TEST_HOST)";
				DEVELOPMENT_TEAM = 3VQPNA4MTA;
				INFOPLIST_FILE = "first appTests/Info.plist";
				LD_RUNPATH_SEARCH_PATHS = "$(inherited) @executable_path/Frameworks @loader_path/Frameworks";
				PRODUCT_BUNDLE_IDENTIFIER = "tosuro.first-appTests";
				PRODUCT_NAME = "$(TARGET_NAME)";
				SWIFT_VERSION = 3.0;
				TEST_HOST = "$(BUILT_PRODUCTS_DIR)/first app.app/first app";
			};
			name = Release;
		};
		123D4C911F5D3BD000A2E0BF /* Debug */ = {
			isa = XCBuildConfiguration;
			buildSettings = {
				ALWAYS_EMBED_SWIFT_STANDARD_LIBRARIES = YES;
				DEVELOPMENT_TEAM = 3VQPNA4MTA;
				INFOPLIST_FILE = "first appUITests/Info.plist";
				LD_RUNPATH_SEARCH_PATHS = "$(inherited) @executable_path/Frameworks @loader_path/Frameworks";
				PRODUCT_BUNDLE_IDENTIFIER = "tosuro.first-appUITests";
				PRODUCT_NAME = "$(TARGET_NAME)";
				SWIFT_VERSION = 3.0;
				TEST_TARGET_NAME = "first app";
			};
			name = Debug;
		};
		123D4C921F5D3BD000A2E0BF /* Release */ = {
			isa = XCBuildConfiguration;
			buildSettings = {
				ALWAYS_EMBED_SWIFT_STANDARD_LIBRARIES = YES;
				DEVELOPMENT_TEAM = 3VQPNA4MTA;
				INFOPLIST_FILE = "first appUITests/Info.plist";
				LD_RUNPATH_SEARCH_PATHS = "$(inherited) @executable_path/Frameworks @loader_path/Frameworks";
				PRODUCT_BUNDLE_IDENTIFIER = "tosuro.first-appUITests";
				PRODUCT_NAME = "$(TARGET_NAME)";
				SWIFT_VERSION = 3.0;
				TEST_TARGET_NAME = "first app";
			};
			name = Release;
		};
/* End XCBuildConfiguration section */

/* Begin XCConfigurationList section */
		123D4C5D1F5D3BD000A2E0BF /* Build configuration list for PBXProject "first app" */ = {
			isa = XCConfigurationList;
			buildConfigurations = (
				123D4C881F5D3BD000A2E0BF /* Debug */,
				123D4C891F5D3BD000A2E0BF /* Release */,
			);
			defaultConfigurationIsVisible = 0;
			defaultConfigurationName = Release;
		};
		123D4C8A1F5D3BD000A2E0BF /* Build configuration list for PBXNativeTarget "first app" */ = {
			isa = XCConfigurationList;
			buildConfigurations = (
				123D4C8B1F5D3BD000A2E0BF /* Debug */,
				123D4C8C1F5D3BD000A2E0BF /* Release */,
			);
			defaultConfigurationIsVisible = 0;
		};
		123D4C8D1F5D3BD000A2E0BF /* Build configuration list for PBXNativeTarget "first appTests" */ = {
			isa = XCConfigurationList;
			buildConfigurations = (
				123D4C8E1F5D3BD000A2E0BF /* Debug */,
				123D4C8F1F5D3BD000A2E0BF /* Release */,
			);
			defaultConfigurationIsVisible = 0;
		};
		123D4C901F5D3BD000A2E0BF /* Build configuration list for PBXNativeTarget "first appUITests" */ = {
			isa = XCConfigurationList;
			buildConfigurations = (
				123D4C911F5D3BD000A2E0BF /* Debug */,
				123D4C921F5D3BD000A2E0BF /* Release */,
			);
			defaultConfigurationIsVisible = 0;
		};
/* End XCConfigurationList section */
	};
	rootObject = 123D4C5A1F5D3BD000A2E0BF /* Project object */;
}
